
Microsoft Visual Studio Solution File, Format Version 12.00
# Visual Studio Version 17
VisualStudioVersion = 17.5.002.0
MinimumVisualStudioVersion = 10.0.40219.1
Project("{2150E333-8FDC-42A3-9474-1A3956D46DE8}") = "sandbox", "sandbox", "{4246A33F-0A71-4220-84B3-B856E8A60537}"
EndProject
Project("{9A19103F-16F7-4668-BE54-9A1E7A4F7556}") = "sandbox_project", "sandbox\sandbox_project\sandbox_project.csproj", "{B5F1D43F-DD53-4B98-AA38-CF005EFB6F5E}"
EndProject
Project("{2150E333-8FDC-42A3-9474-1A3956D46DE8}") = "week01", "week01", "{81CFA768-BC39-4FF1-8B8D-8C0867F880F1}"
EndProject
Project("{9A19103F-16F7-4668-BE54-9A1E7A4F7556}") = "analyze", "week01\analyze\analyze.csproj", "{631BA4FB-C047-4E9D-84AB-E965E0135E70}"
EndProject
Project("{9A19103F-16F7-4668-BE54-9A1E7A4F7556}") = "code", "week01\code\code.csproj", "{2ECDD336-1CAF-43B1-82BE-C3D72C0AFB05}"
EndProject
Project("{9A19103F-16F7-4668-BE54-9A1E7A4F7556}") = "teach", "week01\teach\teach.csproj", "{6B999865-0FB5-4966-A732-55F8DDF05CB9}"
EndProject
Project("{2150E333-8FDC-42A3-9474-1A3956D46DE8}") = "week02", "week02", "{3828E469-0BAB-466E-BAE0-DAB149E74D61}"
EndProject
Project("{9A19103F-16F7-4668-BE54-9A1E7A4F7556}") = "analyze", "week02\analyze\analyze.csproj", "{0FD2CBC5-0135-471A-AEF4-093B85FBF576}"
EndProject
Project("{9A19103F-16F7-4668-BE54-9A1E7A4F7556}") = "code", "week02\code\code.csproj", "{4AC4F9B4-0949-4239-B922-48A5CEE19F84}"
EndProject
Project("{9A19103F-16F7-4668-BE54-9A1E7A4F7556}") = "learn", "week02\learn\learn.csproj", "{1E3FFC47-B4CD-46AB-A215-DF35BF6FFAEB}"
EndProject
Project("{9A19103F-16F7-4668-BE54-9A1E7A4F7556}") = "teach", "week02\teach\teach.csproj", "{01946DA6-301B-443D-B56D-5F7603D4BC91}"
EndProject
Project("{2150E333-8FDC-42A3-9474-1A3956D46DE8}") = "week03", "week03", "{7CD5DDF2-6E60-437F-B93C-311452DD80EC}"
EndProject
Project("{9A19103F-16F7-4668-BE54-9A1E7A4F7556}") = "code", "week03\code\code.csproj", "{D2E95840-88AC-49D6-8A19-21AC48840A62}"
EndProject
Project("{9A19103F-16F7-4668-BE54-9A1E7A4F7556}") = "learn", "week03\learn\learn.csproj", "{20E3B98D-08DA-4F59-A8EC-4F374A30DDFD}"
EndProject
Project("{9A19103F-16F7-4668-BE54-9A1E7A4F7556}") = "teach", "week03\teach\teach.csproj", "{659479B5-27D8-4410-8588-21DBC4A5A746}"
EndProject
Project("{2150E333-8FDC-42A3-9474-1A3956D46DE8}") = "week04", "week04", "{AB0F2DB2-A2BF-4C9F-BACD-170F3A43D9D9}"
EndProject
Project("{9A19103F-16F7-4668-BE54-9A1E7A4F7556}") = "code", "week04\code\code.csproj", "{CA6E414E-8A77-4DCF-A22E-B3AC515B7A97}"
EndProject
Project("{2150E333-8FDC-42A3-9474-1A3956D46DE8}") = "week05", "week05", "{EA8B037F-2CCD-4FC9-BB4D-A258EB98456A}"
EndProject
Project("{9A19103F-16F7-4668-BE54-9A1E7A4F7556}") = "code", "week05\code\code.csproj", "{BEF71BE6-BD8E-4CBE-8012-9CC957CCBE91}"
EndProject
Project("{2150E333-8FDC-42A3-9474-1A3956D46DE8}") = "week06", "week06", "{E4878354-4E65-4964-8229-69535EAFD994}"
EndProject
Project("{9A19103F-16F7-4668-BE54-9A1E7A4F7556}") = "code", "week06\code\code.csproj", "{68B32AE0-FA96-4993-9429-D2D0FA3CD5FD}"
EndProject
Global
	GlobalSection(SolutionConfigurationPlatforms) = preSolution
		Debug|Any CPU = Debug|Any CPU
		Release|Any CPU = Release|Any CPU
	EndGlobalSection
	GlobalSection(ProjectConfigurationPlatforms) = postSolution
		{B5F1D43F-DD53-4B98-AA38-CF005EFB6F5E}.Debug|Any CPU.ActiveCfg = Debug|Any CPU
		{B5F1D43F-DD53-4B98-AA38-CF005EFB6F5E}.Debug|Any CPU.Build.0 = Debug|Any CPU
		{B5F1D43F-DD53-4B98-AA38-CF005EFB6F5E}.Release|Any CPU.ActiveCfg = Release|Any CPU
		{B5F1D43F-DD53-4B98-AA38-CF005EFB6F5E}.Release|Any CPU.Build.0 = Release|Any CPU
		{631BA4FB-C047-4E9D-84AB-E965E0135E70}.Debug|Any CPU.ActiveCfg = Debug|Any CPU
		{631BA4FB-C047-4E9D-84AB-E965E0135E70}.Debug|Any CPU.Build.0 = Debug|Any CPU
		{631BA4FB-C047-4E9D-84AB-E965E0135E70}.Release|Any CPU.ActiveCfg = Release|Any CPU
		{631BA4FB-C047-4E9D-84AB-E965E0135E70}.Release|Any CPU.Build.0 = Release|Any CPU
		{2ECDD336-1CAF-43B1-82BE-C3D72C0AFB05}.Debug|Any CPU.ActiveCfg = Debug|Any CPU
		{2ECDD336-1CAF-43B1-82BE-C3D72C0AFB05}.Debug|Any CPU.Build.0 = Debug|Any CPU
		{2ECDD336-1CAF-43B1-82BE-C3D72C0AFB05}.Release|Any CPU.ActiveCfg = Release|Any CPU
		{2ECDD336-1CAF-43B1-82BE-C3D72C0AFB05}.Release|Any CPU.Build.0 = Release|Any CPU
		{6B999865-0FB5-4966-A732-55F8DDF05CB9}.Debug|Any CPU.ActiveCfg = Debug|Any CPU
		{6B999865-0FB5-4966-A732-55F8DDF05CB9}.Debug|Any CPU.Build.0 = Debug|Any CPU
		{6B999865-0FB5-4966-A732-55F8DDF05CB9}.Release|Any CPU.ActiveCfg = Release|Any CPU
		{6B999865-0FB5-4966-A732-55F8DDF05CB9}.Release|Any CPU.Build.0 = Release|Any CPU
		{0FD2CBC5-0135-471A-AEF4-093B85FBF576}.Debug|Any CPU.ActiveCfg = Debug|Any CPU
		{0FD2CBC5-0135-471A-AEF4-093B85FBF576}.Debug|Any CPU.Build.0 = Debug|Any CPU
		{0FD2CBC5-0135-471A-AEF4-093B85FBF576}.Release|Any CPU.ActiveCfg = Release|Any CPU
		{0FD2CBC5-0135-471A-AEF4-093B85FBF576}.Release|Any CPU.Build.0 = Release|Any CPU
		{4AC4F9B4-0949-4239-B922-48A5CEE19F84}.Debug|Any CPU.ActiveCfg = Debug|Any CPU
		{4AC4F9B4-0949-4239-B922-48A5CEE19F84}.Debug|Any CPU.Build.0 = Debug|Any CPU
		{4AC4F9B4-0949-4239-B922-48A5CEE19F84}.Release|Any CPU.ActiveCfg = Release|Any CPU
		{4AC4F9B4-0949-4239-B922-48A5CEE19F84}.Release|Any CPU.Build.0 = Release|Any CPU
		{1E3FFC47-B4CD-46AB-A215-DF35BF6FFAEB}.Debug|Any CPU.ActiveCfg = Debug|Any CPU
		{1E3FFC47-B4CD-46AB-A215-DF35BF6FFAEB}.Debug|Any CPU.Build.0 = Debug|Any CPU
		{1E3FFC47-B4CD-46AB-A215-DF35BF6FFAEB}.Release|Any CPU.ActiveCfg = Release|Any CPU
		{1E3FFC47-B4CD-46AB-A215-DF35BF6FFAEB}.Release|Any CPU.Build.0 = Release|Any CPU
		{01946DA6-301B-443D-B56D-5F7603D4BC91}.Debug|Any CPU.ActiveCfg = Debug|Any CPU
		{01946DA6-301B-443D-B56D-5F7603D4BC91}.Debug|Any CPU.Build.0 = Debug|Any CPU
		{01946DA6-301B-443D-B56D-5F7603D4BC91}.Release|Any CPU.ActiveCfg = Release|Any CPU
		{01946DA6-301B-443D-B56D-5F7603D4BC91}.Release|Any CPU.Build.0 = Release|Any CPU
		{D2E95840-88AC-49D6-8A19-21AC48840A62}.Debug|Any CPU.ActiveCfg = Debug|Any CPU
		{D2E95840-88AC-49D6-8A19-21AC48840A62}.Debug|Any CPU.Build.0 = Debug|Any CPU
		{D2E95840-88AC-49D6-8A19-21AC48840A62}.Release|Any CPU.ActiveCfg = Release|Any CPU
		{D2E95840-88AC-49D6-8A19-21AC48840A62}.Release|Any CPU.Build.0 = Release|Any CPU
		{20E3B98D-08DA-4F59-A8EC-4F374A30DDFD}.Debug|Any CPU.ActiveCfg = Debug|Any CPU
		{20E3B98D-08DA-4F59-A8EC-4F374A30DDFD}.Debug|Any CPU.Build.0 = Debug|Any CPU
		{20E3B98D-08DA-4F59-A8EC-4F374A30DDFD}.Release|Any CPU.ActiveCfg = Release|Any CPU
		{20E3B98D-08DA-4F59-A8EC-4F374A30DDFD}.Release|Any CPU.Build.0 = Release|Any CPU
		{659479B5-27D8-4410-8588-21DBC4A5A746}.Debug|Any CPU.ActiveCfg = Debug|Any CPU
		{659479B5-27D8-4410-8588-21DBC4A5A746}.Debug|Any CPU.Build.0 = Debug|Any CPU
		{659479B5-27D8-4410-8588-21DBC4A5A746}.Release|Any CPU.ActiveCfg = Release|Any CPU
		{659479B5-27D8-4410-8588-21DBC4A5A746}.Release|Any CPU.Build.0 = Release|Any CPU
		{CA6E414E-8A77-4DCF-A22E-B3AC515B7A97}.Debug|Any CPU.ActiveCfg = Debug|Any CPU
		{CA6E414E-8A77-4DCF-A22E-B3AC515B7A97}.Debug|Any CPU.Build.0 = Debug|Any CPU
		{CA6E414E-8A77-4DCF-A22E-B3AC515B7A97}.Release|Any CPU.ActiveCfg = Release|Any CPU
		{CA6E414E-8A77-4DCF-A22E-B3AC515B7A97}.Release|Any CPU.Build.0 = Release|Any CPU
		{BEF71BE6-BD8E-4CBE-8012-9CC957CCBE91}.Debug|Any CPU.ActiveCfg = Debug|Any CPU
		{BEF71BE6-BD8E-4CBE-8012-9CC957CCBE91}.Debug|Any CPU.Build.0 = Debug|Any CPU
		{BEF71BE6-BD8E-4CBE-8012-9CC957CCBE91}.Release|Any CPU.ActiveCfg = Release|Any CPU
		{BEF71BE6-BD8E-4CBE-8012-9CC957CCBE91}.Release|Any CPU.Build.0 = Release|Any CPU
		{68B32AE0-FA96-4993-9429-D2D0FA3CD5FD}.Debug|Any CPU.ActiveCfg = Debug|Any CPU
		{68B32AE0-FA96-4993-9429-D2D0FA3CD5FD}.Debug|Any CPU.Build.0 = Debug|Any CPU
		{68B32AE0-FA96-4993-9429-D2D0FA3CD5FD}.Release|Any CPU.ActiveCfg = Release|Any CPU
		{68B32AE0-FA96-4993-9429-D2D0FA3CD5FD}.Release|Any CPU.Build.0 = Release|Any CPU
	EndGlobalSection
	GlobalSection(SolutionProperties) = preSolution
		HideSolutionNode = FALSE
	EndGlobalSection
	GlobalSection(NestedProjects) = preSolution
		{B5F1D43F-DD53-4B98-AA38-CF005EFB6F5E} = {4246A33F-0A71-4220-84B3-B856E8A60537}
		{631BA4FB-C047-4E9D-84AB-E965E0135E70} = {81CFA768-BC39-4FF1-8B8D-8C0867F880F1}
		{2ECDD336-1CAF-43B1-82BE-C3D72C0AFB05} = {81CFA768-BC39-4FF1-8B8D-8C0867F880F1}
		{6B999865-0FB5-4966-A732-55F8DDF05CB9} = {81CFA768-BC39-4FF1-8B8D-8C0867F880F1}
		{0FD2CBC5-0135-471A-AEF4-093B85FBF576} = {3828E469-0BAB-466E-BAE0-DAB149E74D61}
		{4AC4F9B4-0949-4239-B922-48A5CEE19F84} = {3828E469-0BAB-466E-BAE0-DAB149E74D61}
		{1E3FFC47-B4CD-46AB-A215-DF35BF6FFAEB} = {3828E469-0BAB-466E-BAE0-DAB149E74D61}
		{01946DA6-301B-443D-B56D-5F7603D4BC91} = {3828E469-0BAB-466E-BAE0-DAB149E74D61}
		{D2E95840-88AC-49D6-8A19-21AC48840A62} = {7CD5DDF2-6E60-437F-B93C-311452DD80EC}
		{20E3B98D-08DA-4F59-A8EC-4F374A30DDFD} = {7CD5DDF2-6E60-437F-B93C-311452DD80EC}
		{659479B5-27D8-4410-8588-21DBC4A5A746} = {7CD5DDF2-6E60-437F-B93C-311452DD80EC}
		{CA6E414E-8A77-4DCF-A22E-B3AC515B7A97} = {AB0F2DB2-A2BF-4C9F-BACD-170F3A43D9D9}
		{BEF71BE6-BD8E-4CBE-8012-9CC957CCBE91} = {EA8B037F-2CCD-4FC9-BB4D-A258EB98456A}
		{68B32AE0-FA96-4993-9429-D2D0FA3CD5FD} = {E4878354-4E65-4964-8229-69535EAFD994}
	EndGlobalSection
	GlobalSection(ExtensibilityGlobals) = postSolution
		SolutionGuid = {C5256DFD-F38D-4296-928C-E4EC00834831}
	EndGlobalSection
EndGlobal
